
Microsoft Visual Studio Solution File, Format Version 12.00
# Visual Studio Version 17
VisualStudioVersion = 17.4.33205.214
MinimumVisualStudioVersion = 10.0.40219.1
Project("{FAE04EC0-301F-11D3-BF4B-00C04F79EFBC}") = "BookSmartBackEnd", "BookSmartBackEnd\BookSmartBackEnd.csproj", "{7BAA0A81-060F-4BDB-A2E4-965514FB8E34}"
EndProject
Project("{FAE04EC0-301F-11D3-BF4B-00C04F79EFBC}") = "BookSmartBackEndUnitTests", "BookSmartBackEndUnitTests\BookSmartBackEndUnitTests.csproj", "{DE8B9639-7A79-408A-8FEE-E1EE5A0ABAC6}"
EndProject
Project("{FAE04EC0-301F-11D3-BF4B-00C04F79EFBC}") = "BookSmartBackEndDatabase", "BookSmartBackEndDatabase\BookSmartBackEndDatabase.csproj", "{82CDEF19-CB52-40BB-82AD-37C5970AA9BA}"
EndProject
Global
	GlobalSection(SolutionConfigurationPlatforms) = preSolution
		Debug|Any CPU = Debug|Any CPU
		Release|Any CPU = Release|Any CPU
	EndGlobalSection
	GlobalSection(ProjectConfigurationPlatforms) = postSolution
		{7BAA0A81-060F-4BDB-A2E4-965514FB8E34}.Debug|Any CPU.ActiveCfg = Debug|Any CPU
		{7BAA0A81-060F-4BDB-A2E4-965514FB8E34}.Debug|Any CPU.Build.0 = Debug|Any CPU
		{7BAA0A81-060F-4BDB-A2E4-965514FB8E34}.Release|Any CPU.ActiveCfg = Release|Any CPU
		{7BAA0A81-060F-4BDB-A2E4-965514FB8E34}.Release|Any CPU.Build.0 = Release|Any CPU
		{DE8B9639-7A79-408A-8FEE-E1EE5A0ABAC6}.Debug|Any CPU.ActiveCfg = Debug|Any CPU
		{DE8B9639-7A79-408A-8FEE-E1EE5A0ABAC6}.Debug|Any CPU.Build.0 = Debug|Any CPU
		{DE8B9639-7A79-408A-8FEE-E1EE5A0ABAC6}.Release|Any CPU.ActiveCfg = Release|Any CPU
		{DE8B9639-7A79-408A-8FEE-E1EE5A0ABAC6}.Release|Any CPU.Build.0 = Release|Any CPU
		{82CDEF19-CB52-40BB-82AD-37C5970AA9BA}.Debug|Any CPU.ActiveCfg = Debug|Any CPU
		{82CDEF19-CB52-40BB-82AD-37C5970AA9BA}.Debug|Any CPU.Build.0 = Debug|Any CPU
		{82CDEF19-CB52-40BB-82AD-37C5970AA9BA}.Release|Any CPU.ActiveCfg = Release|Any CPU
		{82CDEF19-CB52-40BB-82AD-37C5970AA9BA}.Release|Any CPU.Build.0 = Release|Any CPU
	EndGlobalSection
	GlobalSection(SolutionProperties) = preSolution
		HideSolutionNode = FALSE
	EndGlobalSection
	GlobalSection(ExtensibilityGlobals) = postSolution
		SolutionGuid = {6BE11875-E9A0-46BD-BBFF-FF0CE9EDF3E5}
	EndGlobalSection
EndGlobal
